
Microsoft Visual Studio Solution File, Format Version 12.00
# Visual Studio 2012
Project("{FAE04EC0-301F-11D3-BF4B-00C04F79EFBC}") = "JustPete.Android", "JustPete.Android\JustPete.Android.csproj", "{C84EDD69-84AE-4470-9646-D649E4C74B0B}"
EndProject
Project("{FAE04EC0-301F-11D3-BF4B-00C04F79EFBC}") = "JustPete.Touch", "JustPete.Touch\JustPete.Touch.csproj", "{3200FC5B-A485-4052-978C-B54FBC362781}"
EndProject
Global
	GlobalSection(SolutionConfigurationPlatforms) = preSolution
		Debug|Any CPU = Debug|Any CPU
		Release|Any CPU = Release|Any CPU
		Debug|iPhoneSimulator = Debug|iPhoneSimulator
		Release|iPhone = Release|iPhone
		Release|iPhoneSimulator = Release|iPhoneSimulator
		Debug|iPhone = Debug|iPhone
	EndGlobalSection
	GlobalSection(ProjectConfigurationPlatforms) = postSolution
		{3200FC5B-A485-4052-978C-B54FBC362781}.Debug|Any CPU.ActiveCfg = Debug|iPhoneSimulator
		{3200FC5B-A485-4052-978C-B54FBC362781}.Debug|Any CPU.Build.0 = Debug|iPhoneSimulator
		{3200FC5B-A485-4052-978C-B54FBC362781}.Debug|iPhone.ActiveCfg = Debug|iPhone
		{3200FC5B-A485-4052-978C-B54FBC362781}.Debug|iPhone.Build.0 = Debug|iPhone
		{3200FC5B-A485-4052-978C-B54FBC362781}.Debug|iPhoneSimulator.ActiveCfg = Debug|iPhoneSimulator
		{3200FC5B-A485-4052-978C-B54FBC362781}.Debug|iPhoneSimulator.Build.0 = Debug|iPhoneSimulator
		{3200FC5B-A485-4052-978C-B54FBC362781}.Release|Any CPU.ActiveCfg = Release|iPhone
		{3200FC5B-A485-4052-978C-B54FBC362781}.Release|Any CPU.Build.0 = Release|iPhone
		{3200FC5B-A485-4052-978C-B54FBC362781}.Release|iPhone.ActiveCfg = Release|iPhone
		{3200FC5B-A485-4052-978C-B54FBC362781}.Release|iPhone.Build.0 = Release|iPhone
		{3200FC5B-A485-4052-978C-B54FBC362781}.Release|iPhoneSimulator.ActiveCfg = Release|iPhoneSimulator
		{3200FC5B-A485-4052-978C-B54FBC362781}.Release|iPhoneSimulator.Build.0 = Release|iPhoneSimulator
		{C84EDD69-84AE-4470-9646-D649E4C74B0B}.Debug|Any CPU.ActiveCfg = Debug|Any CPU
		{C84EDD69-84AE-4470-9646-D649E4C74B0B}.Debug|Any CPU.Build.0 = Debug|Any CPU
		{C84EDD69-84AE-4470-9646-D649E4C74B0B}.Debug|iPhone.ActiveCfg = Debug|Any CPU
		{C84EDD69-84AE-4470-9646-D649E4C74B0B}.Debug|iPhone.Build.0 = Debug|Any CPU
		{C84EDD69-84AE-4470-9646-D649E4C74B0B}.Debug|iPhoneSimulator.ActiveCfg = Debug|Any CPU
		{C84EDD69-84AE-4470-9646-D649E4C74B0B}.Debug|iPhoneSimulator.Build.0 = Debug|Any CPU
		{C84EDD69-84AE-4470-9646-D649E4C74B0B}.Release|Any CPU.ActiveCfg = Release|Any CPU
		{C84EDD69-84AE-4470-9646-D649E4C74B0B}.Release|Any CPU.Build.0 = Release|Any CPU
		{C84EDD69-84AE-4470-9646-D649E4C74B0B}.Release|iPhone.ActiveCfg = Release|Any CPU
		{C84EDD69-84AE-4470-9646-D649E4C74B0B}.Release|iPhone.Build.0 = Release|Any CPU
		{C84EDD69-84AE-4470-9646-D649E4C74B0B}.Release|iPhoneSimulator.ActiveCfg = Release|Any CPU
		{C84EDD69-84AE-4470-9646-D649E4C74B0B}.Release|iPhoneSimulator.Build.0 = Release|Any CPU
	EndGlobalSection
	GlobalSection(MonoDevelopProperties) = preSolution
		Policies = $0
		$0.DotNetNamingPolicy = $1
		$1.DirectoryNamespaceAssociation = PrefixedHierarchical
		$1.ResourceNamePolicy = FileFormatDefault
	EndGlobalSection
EndGlobal
